
Microsoft Visual Studio Solution File, Format Version 12.00
# Visual Studio Version 17
VisualStudioVersion = 17.11.35222.181
MinimumVisualStudioVersion = 10.0.40219.1
Project("{FAE04EC0-301F-11D3-BF4B-00C04F79EFBC}") = "GreenActionPortal", "GreenActionPortal\GreenActionPortal.csproj", "{EA700B2E-66D8-4DF9-B4E1-0C75BD5472F3}"
EndProject
Global
	GlobalSection(SolutionConfigurationPlatforms) = preSolution
		Debug|Any CPU = Debug|Any CPU
		Release|Any CPU = Release|Any CPU
	EndGlobalSection
	GlobalSection(ProjectConfigurationPlatforms) = postSolution
		{EA700B2E-66D8-4DF9-B4E1-0C75BD5472F3}.Debug|Any CPU.ActiveCfg = Debug|Any CPU
		{EA700B2E-66D8-4DF9-B4E1-0C75BD5472F3}.Debug|Any CPU.Build.0 = Debug|Any CPU
		{EA700B2E-66D8-4DF9-B4E1-0C75BD5472F3}.Release|Any CPU.ActiveCfg = Release|Any CPU
		{EA700B2E-66D8-4DF9-B4E1-0C75BD5472F3}.Release|Any CPU.Build.0 = Release|Any CPU
	EndGlobalSection
	GlobalSection(SolutionProperties) = preSolution
		HideSolutionNode = FALSE
	EndGlobalSection
	GlobalSection(ExtensibilityGlobals) = postSolution
		SolutionGuid = {D3676D69-82BB-40C8-9ED8-00D495EA7226}
	EndGlobalSection
EndGlobal
